Microsoft Visual Studio Solution File, Format Version 12.00
# Visual Studio Version 17
VisualStudioVersion = 17.5.2.0
MinimumVisualStudioVersion = 10.0.40219.1
Project("{FAE04EC0-301F-11D3-BF4B-00C04F79EFBC}") = "CadastroEstudanteApi", "CadastroEstudanteApi\CadastroEstudanteApi.csproj", "{9F93922E-AE7D-91F8-23F6-70BBCC52FE76}"
EndProject
Global
	GlobalSection(SolutionConfigurationPlatforms) = preSolution
		Debug|Any CPU = Debug|Any CPU
		Release|Any CPU = Release|Any CPU
	EndGlobalSection
	GlobalSection(ProjectConfigurationPlatforms) = postSolution
		{9F93922E-AE7D-91F8-23F6-70BBCC52FE76}.Debug|Any CPU.ActiveCfg = Debug|Any CPU
		{9F93922E-AE7D-91F8-23F6-70BBCC52FE76}.Debug|Any CPU.Build.0 = Debug|Any CPU
		{9F93922E-AE7D-91F8-23F6-70BBCC52FE76}.Release|Any CPU.ActiveCfg = Release|Any CPU
		{9F93922E-AE7D-91F8-23F6-70BBCC52FE76}.Release|Any CPU.Build.0 = Release|Any CPU
	EndGlobalSection
	GlobalSection(SolutionProperties) = preSolution
		HideSolutionNode = FALSE
	EndGlobalSection
	GlobalSection(ExtensibilityGlobals) = postSolution
		SolutionGuid = {311A502A-6C9B-40AA-9DB9-B53644F39AAB}
	EndGlobalSection
EndGlobal
